
Microsoft Visual Studio Solution File, Format Version 12.00
# Visual Studio Version 17
VisualStudioVersion = 17.10.35013.160
MinimumVisualStudioVersion = 10.0.40219.1
Project("{9A19103F-16F7-4668-BE54-9A1E7A4F7556}") = "IMaoTai", "IMaoTai\IMaoTai.csproj", "{23F81749-E5CD-42C6-BC4C-38A4E4A7AC7E}"
EndProject
Project("{9A19103F-16F7-4668-BE54-9A1E7A4F7556}") = "IMaoTai.Core", "IMaoTai.Core\IMaoTai.Core.csproj", "{B288603C-C8C1-4749-83EF-9CAFE419E4E1}"
EndProject
Project("{9A19103F-16F7-4668-BE54-9A1E7A4F7556}") = "IMaoTai.MasaUI", "IMaoTai.MasaUI\IMaoTai.MasaUI.csproj", "{F7FD82E6-F424-4775-A821-7768EF677055}"
EndProject
Project("{FAE04EC0-301F-11D3-BF4B-00C04F79EFBC}") = "IMaoTai.MasaBlazor", "IMaoTai.MasaBlazor\IMaoTai.MasaBlazor.csproj", "{159829BA-B867-4883-92F8-CF217EF48673}"
EndProject
Global
	GlobalSection(SolutionConfigurationPlatforms) = preSolution
		Debug|Any CPU = Debug|Any CPU
		Release|Any CPU = Release|Any CPU
	EndGlobalSection
	GlobalSection(ProjectConfigurationPlatforms) = postSolution
		{23F81749-E5CD-42C6-BC4C-38A4E4A7AC7E}.Debug|Any CPU.ActiveCfg = Debug|Any CPU
		{23F81749-E5CD-42C6-BC4C-38A4E4A7AC7E}.Debug|Any CPU.Build.0 = Debug|Any CPU
		{23F81749-E5CD-42C6-BC4C-38A4E4A7AC7E}.Release|Any CPU.ActiveCfg = Release|Any CPU
		{23F81749-E5CD-42C6-BC4C-38A4E4A7AC7E}.Release|Any CPU.Build.0 = Release|Any CPU
		{B288603C-C8C1-4749-83EF-9CAFE419E4E1}.Debug|Any CPU.ActiveCfg = Debug|Any CPU
		{B288603C-C8C1-4749-83EF-9CAFE419E4E1}.Debug|Any CPU.Build.0 = Debug|Any CPU
		{B288603C-C8C1-4749-83EF-9CAFE419E4E1}.Release|Any CPU.ActiveCfg = Release|Any CPU
		{B288603C-C8C1-4749-83EF-9CAFE419E4E1}.Release|Any CPU.Build.0 = Release|Any CPU
		{F7FD82E6-F424-4775-A821-7768EF677055}.Debug|Any CPU.ActiveCfg = Debug|Any CPU
		{F7FD82E6-F424-4775-A821-7768EF677055}.Debug|Any CPU.Build.0 = Debug|Any CPU
		{F7FD82E6-F424-4775-A821-7768EF677055}.Release|Any CPU.ActiveCfg = Release|Any CPU
		{F7FD82E6-F424-4775-A821-7768EF677055}.Release|Any CPU.Build.0 = Release|Any CPU
		{159829BA-B867-4883-92F8-CF217EF48673}.Debug|Any CPU.ActiveCfg = Debug|Any CPU
		{159829BA-B867-4883-92F8-CF217EF48673}.Debug|Any CPU.Build.0 = Debug|Any CPU
		{159829BA-B867-4883-92F8-CF217EF48673}.Release|Any CPU.ActiveCfg = Release|Any CPU
		{159829BA-B867-4883-92F8-CF217EF48673}.Release|Any CPU.Build.0 = Release|Any CPU
	EndGlobalSection
	GlobalSection(SolutionProperties) = preSolution
		HideSolutionNode = FALSE
	EndGlobalSection
	GlobalSection(ExtensibilityGlobals) = postSolution
		SolutionGuid = {5E877ACA-6D8C-4C01-9D3A-25ECDBDA698F}
	EndGlobalSection
EndGlobal
