
Microsoft Visual Studio Solution File, Format Version 12.00
# Visual Studio Version 17
VisualStudioVersion = 17.10.35013.160
MinimumVisualStudioVersion = 10.0.40219.1
Project("{9A19103F-16F7-4668-BE54-9A1E7A4F7556}") = "IMaoTai", "IMaoTai\IMaoTai.csproj", "{23F81749-E5CD-42C6-BC4C-38A4E4A7AC7E}"
EndProject
Global
	GlobalSection(SolutionConfigurationPlatforms) = preSolution
		Debug|Any CPU = Debug|Any CPU
		Release|Any CPU = Release|Any CPU
	EndGlobalSection
	GlobalSection(ProjectConfigurationPlatforms) = postSolution
		{23F81749-E5CD-42C6-BC4C-38A4E4A7AC7E}.Debug|Any CPU.ActiveCfg = Debug|Any CPU
		{23F81749-E5CD-42C6-BC4C-38A4E4A7AC7E}.Debug|Any CPU.Build.0 = Debug|Any CPU
		{23F81749-E5CD-42C6-BC4C-38A4E4A7AC7E}.Release|Any CPU.ActiveCfg = Release|Any CPU
		{23F81749-E5CD-42C6-BC4C-38A4E4A7AC7E}.Release|Any CPU.Build.0 = Release|Any CPU
	EndGlobalSection
	GlobalSection(SolutionProperties) = preSolution
		HideSolutionNode = FALSE
	EndGlobalSection
	GlobalSection(ExtensibilityGlobals) = postSolution
		SolutionGuid = {5E877ACA-6D8C-4C01-9D3A-25ECDBDA698F}
	EndGlobalSection
EndGlobal
